
Microsoft Visual Studio Solution File, Format Version 12.00
# Visual Studio Version 17
VisualStudioVersion = 17.10.35013.160
MinimumVisualStudioVersion = 10.0.40219.1
Project("{FAE04EC0-301F-11D3-BF4B-00C04F79EFBC}") = "Малик", "Малик\Малик.csproj", "{F1999F2D-0ABF-4A9A-BE4B-16119DCC6125}"
EndProject
Global
	GlobalSection(SolutionConfigurationPlatforms) = preSolution
		Debug|Any CPU = Debug|Any CPU
		Release|Any CPU = Release|Any CPU
	EndGlobalSection
	GlobalSection(ProjectConfigurationPlatforms) = postSolution
		{F1999F2D-0ABF-4A9A-BE4B-16119DCC6125}.Debug|Any CPU.ActiveCfg = Debug|Any CPU
		{F1999F2D-0ABF-4A9A-BE4B-16119DCC6125}.Debug|Any CPU.Build.0 = Debug|Any CPU
		{F1999F2D-0ABF-4A9A-BE4B-16119DCC6125}.Release|Any CPU.ActiveCfg = Release|Any CPU
		{F1999F2D-0ABF-4A9A-BE4B-16119DCC6125}.Release|Any CPU.Build.0 = Release|Any CPU
	EndGlobalSection
	GlobalSection(SolutionProperties) = preSolution
		HideSolutionNode = FALSE
	EndGlobalSection
	GlobalSection(ExtensibilityGlobals) = postSolution
		SolutionGuid = {6E2AC378-BA55-4FBC-AB62-7A1DF06D6395}
	EndGlobalSection
EndGlobal
